
Microsoft Visual Studio Solution File, Format Version 12.00
# Visual Studio 15
VisualStudioVersion = 15.0.27703.2000
MinimumVisualStudioVersion = 10.0.40219.1
Project("{FAE04EC0-301F-11D3-BF4B-00C04F79EFBC}") = "ProjectTwo_AlexandrosNicolaou", "ProjectTwo_AlexandrosNicolaou\ProjectTwo_AlexandrosNicolaou.csproj", "{836EFA16-E55A-4BF2-ADD6-30412575CA55}"
EndProject
Global
	GlobalSection(SolutionConfigurationPlatforms) = preSolution
		Debug|Any CPU = Debug|Any CPU
		Release|Any CPU = Release|Any CPU
	EndGlobalSection
	GlobalSection(ProjectConfigurationPlatforms) = postSolution
		{836EFA16-E55A-4BF2-ADD6-30412575CA55}.Debug|Any CPU.ActiveCfg = Debug|Any CPU
		{836EFA16-E55A-4BF2-ADD6-30412575CA55}.Debug|Any CPU.Build.0 = Debug|Any CPU
		{836EFA16-E55A-4BF2-ADD6-30412575CA55}.Release|Any CPU.ActiveCfg = Release|Any CPU
		{836EFA16-E55A-4BF2-ADD6-30412575CA55}.Release|Any CPU.Build.0 = Release|Any CPU
	EndGlobalSection
	GlobalSection(SolutionProperties) = preSolution
		HideSolutionNode = FALSE
	EndGlobalSection
	GlobalSection(ExtensibilityGlobals) = postSolution
		SolutionGuid = {01DB2A12-25A2-4808-BC47-BC2E114AFFC4}
	EndGlobalSection
EndGlobal
